schema: '2.0'
stages:
  make_dataset:
    cmd: python .\src\data\make_dataset.py .\data\raw\data.csv .\data\interim
    deps:
    - path: .\data\raw\data.csv
      hash: md5
      md5: e59c291a4b1c640f1dab33b89daa22e1
      size: 200589097
    - path: .\src\data\make_dataset.py
      hash: md5
      md5: 2e30066ce7c9430cd61bba9e2c62115a
      size: 1850
    params:
      params.yaml:
        make_dataset.seed: 43
        make_dataset.test_size: 0.2
  build_features:
    cmd: python .\src\features\build_features.py .\data\interim\train.csv .\data\interim\test.csv
      .\data\processed
    deps:
    - path: .\data\interim\test.csv
      hash: md5
      md5: 4aeea412802268cf10dfbaece03eb4dd
      size: 39401872
    - path: .\data\interim\train.csv
      hash: md5
      md5: 855074e31f03a5da161716620db88ea0
      size: 157602932
    - path: .\src\features\build_features.py
      hash: md5
      md5: 4f96e681b87552f1b6af1b6d5b468876
      size: 5512
  train_model:
    cmd: python .\src\models\train_model.py .\data\processed\train.csv .\data\processed\test.csv
      .\models
    deps:
    - path: .\data\processed\test.csv
      hash: md5
      md5: c4a01b1c4d05abe858f815bc9d5df05f
      size: 43062083
    - path: .\data\processed\train.csv
      hash: md5
      md5: 5145c7b7ae9d4cf1563bc6afa5d601ef
      size: 172236373
    - path: .\src\models\train_model.py
      hash: md5
      md5: e2d8e1c0605d4d93b14f9d6b6b9782c3
      size: 4483
