schema: '2.0'
stages:
  make_dataset:
    cmd: python .\src\data\make_dataset.py .\data\raw\data.csv .\data\interim
    deps:
    - path: .\data\raw\data.csv
      hash: md5
      md5: e59c291a4b1c640f1dab33b89daa22e1
      size: 200589097
    - path: .\src\data\make_dataset.py
      hash: md5
      md5: fbaf218a0eb130348188028b0c928286
      size: 2437
    params:
      params.yaml:
        make_dataset.seed: 43
        make_dataset.test_size: 0.2
  build_features:
    cmd: python .\src\features\build_features.py .\data\interim\train.csv .\data\interim\test.csv
      .\data\processed
    deps:
    - path: .\data\interim\test.csv
      hash: md5
      md5: b9dc249520d628a968388fbc8c9eb60c
      size: 38872868
    - path: .\data\interim\train.csv
      hash: md5
      md5: f0710d23a7d6cb5d84a78d19a67370a6
      size: 155493368
    - path: .\src\features\build_features.py
      hash: md5
      md5: 4f96e681b87552f1b6af1b6d5b468876
      size: 5512
  train_model:
    cmd: python .\src\models\train_model.py .\data\processed\train.csv .\data\processed\test.csv
      .\models
    deps:
    - path: .\data\processed\test.csv
      hash: md5
      md5: 68c7e0e7bbb8599df635340e3874ee06
      size: 42484833
    - path: .\data\processed\train.csv
      hash: md5
      md5: 889d986e4cb1b60012666659365ecf23
      size: 169947577
    - path: .\src\models\train_model.py
      hash: md5
      md5: e2d8e1c0605d4d93b14f9d6b6b9782c3
      size: 4483
